
Microsoft Visual Studio Solution File, Format Version 12.00
# Visual Studio Version 16
VisualStudioVersion = 16.0.810.17
MinimumVisualStudioVersion = 10.0.40219.1
Project("{FAE04EC0-301F-11D3-BF4B-00C04F79EFBC}") = "ParcelSorting", "ParcelSorting\ParcelSorting.csproj", "{4B4F2379-C0CC-4D93-9727-C48BF417E278}"
EndProject
Project("{FAE04EC0-301F-11D3-BF4B-00C04F79EFBC}") = "BoxAndSortingLine.Test", "BoxAndSortingLine.Test\BoxAndSortingLine.Test.csproj", "{155E963C-871F-43DC-BE7C-9E3FAEA07B26}"
EndProject
Global
	GlobalSection(SolutionConfigurationPlatforms) = preSolution
		Debug|Any CPU = Debug|Any CPU
		Release|Any CPU = Release|Any CPU
	EndGlobalSection
	GlobalSection(ProjectConfigurationPlatforms) = postSolution
		{4B4F2379-C0CC-4D93-9727-C48BF417E278}.Debug|Any CPU.ActiveCfg = Debug|Any CPU
		{4B4F2379-C0CC-4D93-9727-C48BF417E278}.Debug|Any CPU.Build.0 = Debug|Any CPU
		{4B4F2379-C0CC-4D93-9727-C48BF417E278}.Release|Any CPU.ActiveCfg = Release|Any CPU
		{4B4F2379-C0CC-4D93-9727-C48BF417E278}.Release|Any CPU.Build.0 = Release|Any CPU
		{155E963C-871F-43DC-BE7C-9E3FAEA07B26}.Debug|Any CPU.ActiveCfg = Debug|Any CPU
		{155E963C-871F-43DC-BE7C-9E3FAEA07B26}.Debug|Any CPU.Build.0 = Debug|Any CPU
		{155E963C-871F-43DC-BE7C-9E3FAEA07B26}.Release|Any CPU.ActiveCfg = Release|Any CPU
		{155E963C-871F-43DC-BE7C-9E3FAEA07B26}.Release|Any CPU.Build.0 = Release|Any CPU
	EndGlobalSection
	GlobalSection(SolutionProperties) = preSolution
		HideSolutionNode = FALSE
	EndGlobalSection
	GlobalSection(ExtensibilityGlobals) = postSolution
		SolutionGuid = {EC0F8962-F546-4A0C-9C8F-44D3566BDE7F}
	EndGlobalSection
EndGlobal
